
Microsoft Visual Studio Solution File, Format Version 12.00
# Visual Studio Version 17
VisualStudioVersion = 17.5.33530.505
MinimumVisualStudioVersion = 10.0.40219.1
Project("{9A19103F-16F7-4668-BE54-9A1E7A4F7556}") = "ExercicePage33", "ExercicePage33\ExercicePage33.csproj", "{86E81709-6938-47A8-AB36-AAE19D7B026E}"
EndProject
Project("{9A19103F-16F7-4668-BE54-9A1E7A4F7556}") = "CliniqueVeterinaire", "CliniqueVeterinaire\CliniqueVeterinaire.csproj", "{5E4C1D3D-7DF0-4175-A4D8-5A6670BB35CA}"
EndProject
Project("{9A19103F-16F7-4668-BE54-9A1E7A4F7556}") = "JeuxBattle", "JeuxBattle\JeuxBattle.csproj", "{40EA80C6-A16D-454A-AA9F-78891B2D6CA6}"
EndProject
Project("{FAE04EC0-301F-11D3-BF4B-00C04F79EFBC}") = "HeroesVsMonsters", "HeroesVsMonsters\HeroesVsMonsters.csproj", "{FF3959D3-648F-47B1-BDF3-A16251911F62}"
EndProject
Global
	GlobalSection(SolutionConfigurationPlatforms) = preSolution
		Debug|Any CPU = Debug|Any CPU
		Release|Any CPU = Release|Any CPU
	EndGlobalSection
	GlobalSection(ProjectConfigurationPlatforms) = postSolution
		{86E81709-6938-47A8-AB36-AAE19D7B026E}.Debug|Any CPU.ActiveCfg = Debug|Any CPU
		{86E81709-6938-47A8-AB36-AAE19D7B026E}.Debug|Any CPU.Build.0 = Debug|Any CPU
		{86E81709-6938-47A8-AB36-AAE19D7B026E}.Release|Any CPU.ActiveCfg = Release|Any CPU
		{86E81709-6938-47A8-AB36-AAE19D7B026E}.Release|Any CPU.Build.0 = Release|Any CPU
		{5E4C1D3D-7DF0-4175-A4D8-5A6670BB35CA}.Debug|Any CPU.ActiveCfg = Debug|Any CPU
		{5E4C1D3D-7DF0-4175-A4D8-5A6670BB35CA}.Debug|Any CPU.Build.0 = Debug|Any CPU
		{5E4C1D3D-7DF0-4175-A4D8-5A6670BB35CA}.Release|Any CPU.ActiveCfg = Release|Any CPU
		{5E4C1D3D-7DF0-4175-A4D8-5A6670BB35CA}.Release|Any CPU.Build.0 = Release|Any CPU
		{40EA80C6-A16D-454A-AA9F-78891B2D6CA6}.Debug|Any CPU.ActiveCfg = Debug|Any CPU
		{40EA80C6-A16D-454A-AA9F-78891B2D6CA6}.Debug|Any CPU.Build.0 = Debug|Any CPU
		{40EA80C6-A16D-454A-AA9F-78891B2D6CA6}.Release|Any CPU.ActiveCfg = Release|Any CPU
		{40EA80C6-A16D-454A-AA9F-78891B2D6CA6}.Release|Any CPU.Build.0 = Release|Any CPU
		{FF3959D3-648F-47B1-BDF3-A16251911F62}.Debug|Any CPU.ActiveCfg = Debug|Any CPU
		{FF3959D3-648F-47B1-BDF3-A16251911F62}.Debug|Any CPU.Build.0 = Debug|Any CPU
		{FF3959D3-648F-47B1-BDF3-A16251911F62}.Release|Any CPU.ActiveCfg = Release|Any CPU
		{FF3959D3-648F-47B1-BDF3-A16251911F62}.Release|Any CPU.Build.0 = Release|Any CPU
	EndGlobalSection
	GlobalSection(SolutionProperties) = preSolution
		HideSolutionNode = FALSE
	EndGlobalSection
	GlobalSection(ExtensibilityGlobals) = postSolution
		SolutionGuid = {24FAB6F6-3848-4F1A-B33A-85F4112E634D}
	EndGlobalSection
EndGlobal
